github.com/go-stack/stack v1.8.0 h1:5SgMzNM5HxrEjV0ww2lTmX6E2Izsfxas4+YHWRs3Lsk=
github.com/go-stack/stack v1.8.0/go.mod h1:v0f6uXyyMGvRgIKkXu+yp6POWl0qKG85gN/melR3HDY=
github.com/google/go-cmp v0.5.2 h1:X2ev0eStA3AbceY54o37/0PQ/UWqKEiiO2dKL5OPaFM=
github.com/google/go-cmp v0.5.2/go.mod h1:v8dTdLbMG2kIc/vJvl+f65V22dbkXbowE6jgT/gNBxE=
github.com/xh3b4sd/tracer v0.1.0 h1:xn4d9Obtlf9jelOpF4sB+Mzzeqq1IxR0DIZPGWJ9ztM=
github.com/xh3b4sd/tracer v0.1.0/go.mod h1:Pgt+EIdfyhhFVYwJhDNKJGUhPTJTPWjc19xAyaKuTME=
github.com/xh3b4sd/tracer v0.2.0 h1:0GJutLo6KsyxB6PEAMmPiVEG9S4yS6MExj+gnhbEikU=
github.com/xh3b4sd/tracer v0.2.0/go.mod h1:Pgt+EIdfyhhFVYwJhDNKJGUhPTJTPWjc19xAyaKuTME=
golang.org/x/xerrors v0.0.0-20191204190536-9bdfabe68543 h1:E7g+9GITq07hpfrRu66IVDexMakfv52eLZ2CXBWiKr4=
golang.org/x/xerrors v0.0.0-20191204190536-9bdfabe68543/go.mod h1:I/5z698sn9Ka8TeJc9MKroUUfqBBauWjQqLJ2OPfmY0=
